
Microsoft Visual Studio Solution File, Format Version 12.00
# Visual Studio Version 17
VisualStudioVersion = 17.8.34322.80
MinimumVisualStudioVersion = 10.0.40219.1
Project("{9A19103F-16F7-4668-BE54-9A1E7A4F7556}") = "RuinDayCompany", "RuinDayCompany\RuinDayCompany.csproj", "{0B70A3DB-7D25-4E4B-845E-5EA02189F7D3}"
EndProject
Project("{FAE04EC0-301F-11D3-BF4B-00C04F79EFBC}") = "RuinDayCompany.Tests", "RuinDayCompany.Tests\RuinDayCompany.Tests.csproj", "{1190DF8F-CEE3-4725-8CE7-5431DD4EB07A}"
EndProject
Global
	GlobalSection(SolutionConfigurationPlatforms) = preSolution
		Debug|Any CPU = Debug|Any CPU
		Release|Any CPU = Release|Any CPU
	EndGlobalSection
	GlobalSection(ProjectConfigurationPlatforms) = postSolution
		{0B70A3DB-7D25-4E4B-845E-5EA02189F7D3}.Debug|Any CPU.ActiveCfg = Debug|Any CPU
		{0B70A3DB-7D25-4E4B-845E-5EA02189F7D3}.Debug|Any CPU.Build.0 = Debug|Any CPU
		{0B70A3DB-7D25-4E4B-845E-5EA02189F7D3}.Release|Any CPU.ActiveCfg = Release|Any CPU
		{0B70A3DB-7D25-4E4B-845E-5EA02189F7D3}.Release|Any CPU.Build.0 = Release|Any CPU
		{1190DF8F-CEE3-4725-8CE7-5431DD4EB07A}.Debug|Any CPU.ActiveCfg = Debug|Any CPU
		{1190DF8F-CEE3-4725-8CE7-5431DD4EB07A}.Debug|Any CPU.Build.0 = Debug|Any CPU
		{1190DF8F-CEE3-4725-8CE7-5431DD4EB07A}.Release|Any CPU.ActiveCfg = Release|Any CPU
		{1190DF8F-CEE3-4725-8CE7-5431DD4EB07A}.Release|Any CPU.Build.0 = Release|Any CPU
	EndGlobalSection
	GlobalSection(SolutionProperties) = preSolution
		HideSolutionNode = FALSE
	EndGlobalSection
	GlobalSection(ExtensibilityGlobals) = postSolution
		SolutionGuid = {7803C4A1-B69A-40AF-9473-0990EC2DDD70}
	EndGlobalSection
EndGlobal
